// !$*UTF8*$!
{
	archiveVersion = 1;
	classes = {
	};
	objectVersion = 77;
	objects = {

/* Begin PBXBuildFile section */
		F96340992E13AD6F00975FED /* ContentView.swift in Sources */ = {isa = PBXBuildFile; fileRef = F96340982E13AD6F00975FED /* ContentView.swift */; };
		F963409E2E13AE6100975FED /* KeyboardState.swift in Sources */ = {isa = PBXBuildFile; fileRef = F963409D2E13AE5100975FED /* KeyboardState.swift */; };
		F96340A02E13AF9700975FED /* EffectPreset.swift in Sources */ = {isa = PBXBuildFile; fileRef = F963409B2E13AE2B00975FED /* EffectPreset.swift */; };
		F96340AD2E15141400975FED /* HeaderView.swift in Sources */ = {isa = PBXBuildFile; fileRef = F96340AC2E15141200975FED /* HeaderView.swift */; };
		F96340AF2E1514A000975FED /* ControlButtonView.swift in Sources */ = {isa = PBXBuildFile; fileRef = F96340AE2E15149E00975FED /* ControlButtonView.swift */; };
		F96340B12E1514AE00975FED /* ControlSectionView.swift in Sources */ = {isa = PBXBuildFile; fileRef = F96340B02E1514AD00975FED /* ControlSectionView.swift */; };
		F96340B32E1514B900975FED /* MarkedSlider.swift in Sources */ = {isa = PBXBuildFile; fileRef = F96340B22E1514B600975FED /* MarkedSlider.swift */; };
		F96340B52E1514C500975FED /* ZoneHotspotView.swift in Sources */ = {isa = PBXBuildFile; fileRef = F96340B42E1514C200975FED /* ZoneHotspotView.swift */; };
		F96340BB2E15160400975FED /* InteractiveKeyboardView.swift in Sources */ = {isa = PBXBuildFile; fileRef = F96340BA2E15160300975FED /* InteractiveKeyboardView.swift */; };
		F96340BD2E15160E00975FED /* SavePresetView.swift in Sources */ = {isa = PBXBuildFile; fileRef = F96340BC2E15160D00975FED /* SavePresetView.swift */; };
		F96340C22E15162E00975FED /* ErrorView.swift in Sources */ = {isa = PBXBuildFile; fileRef = F96340C12E15162C00975FED /* ErrorView.swift */; };
/* End PBXBuildFile section */

/* Begin PBXFileReference section */
		F96340772E12DD4C00975FED /* RogAura.app */ = {isa = PBXFileReference; explicitFileType = wrapper.application; includeInIndex = 0; path = RogAura.app; sourceTree = BUILT_PRODUCTS_DIR; };
		F96340982E13AD6F00975FED /* ContentView.swift */ = {isa = PBXFileReference; lastKnownFileType = sourcecode.swift; path = ContentView.swift; sourceTree = "<group>"; };
		F963409B2E13AE2B00975FED /* EffectPreset.swift */ = {isa = PBXFileReference; lastKnownFileType = sourcecode.swift; path = EffectPreset.swift; sourceTree = "<group>"; };
		F963409D2E13AE5100975FED /* KeyboardState.swift */ = {isa = PBXFileReference; lastKnownFileType = sourcecode.swift; path = KeyboardState.swift; sourceTree = "<group>"; };
		F96340AC2E15141200975FED /* HeaderView.swift */ = {isa = PBXFileReference; lastKnownFileType = sourcecode.swift; path = HeaderView.swift; sourceTree = "<group>"; };
		F96340AE2E15149E00975FED /* ControlButtonView.swift */ = {isa = PBXFileReference; lastKnownFileType = sourcecode.swift; path = ControlButtonView.swift; sourceTree = "<group>"; };
		F96340B02E1514AD00975FED /* ControlSectionView.swift */ = {isa = PBXFileReference; lastKnownFileType = sourcecode.swift; path = ControlSectionView.swift; sourceTree = "<group>"; };
		F96340B22E1514B600975FED /* MarkedSlider.swift */ = {isa = PBXFileReference; lastKnownFileType = sourcecode.swift; path = MarkedSlider.swift; sourceTree = "<group>"; };
		F96340B42E1514C200975FED /* ZoneHotspotView.swift */ = {isa = PBXFileReference; lastKnownFileType = sourcecode.swift; path = ZoneHotspotView.swift; sourceTree = "<group>"; };
		F96340BA2E15160300975FED /* InteractiveKeyboardView.swift */ = {isa = PBXFileReference; lastKnownFileType = sourcecode.swift; path = InteractiveKeyboardView.swift; sourceTree = "<group>"; };
		F96340BC2E15160D00975FED /* SavePresetView.swift */ = {isa = PBXFileReference; lastKnownFileType = sourcecode.swift; path = SavePresetView.swift; sourceTree = "<group>"; };
		F96340C12E15162C00975FED /* ErrorView.swift */ = {isa = PBXFileReference; lastKnownFileType = sourcecode.swift; path = ErrorView.swift; sourceTree = "<group>"; };
/* End PBXFileReference section */

/* Begin PBXFileSystemSynchronizedRootGroup section */
		F96340792E12DD4C00975FED /* RogAura */ = {
			isa = PBXFileSystemSynchronizedRootGroup;
			path = RogAura;
			sourceTree = "<group>";
		};
/* End PBXFileSystemSynchronizedRootGroup section */

/* Begin PBXFrameworksBuildPhase section */
		F96340742E12DD4C00975FED /* Frameworks */ = {
			isa = PBXFrameworksBuildPhase;
			buildActionMask = 2147483647;
			files = (
			);
			runOnlyForDeploymentPostprocessing = 0;
		};
/* End PBXFrameworksBuildPhase section */

/* Begin PBXGroup section */
		F963406E2E12DD4C00975FED = {
			isa = PBXGroup;
			children = (
				F963409F2E13AE9A00975FED /* Views */,
				F963409C2E13AE4900975FED /* State */,
				F963409A2E13AE2200975FED /* Models */,
				F96340792E12DD4C00975FED /* RogAura */,
				F96340782E12DD4C00975FED /* Products */,
			);
			sourceTree = "<group>";
		};
		F96340782E12DD4C00975FED /* Products */ = {
			isa = PBXGroup;
			children = (
				F96340772E12DD4C00975FED /* RogAura.app */,
			);
			name = Products;
			sourceTree = "<group>";
		};
		F963409A2E13AE2200975FED /* Models */ = {
			isa = PBXGroup;
			children = (
				F963409B2E13AE2B00975FED /* EffectPreset.swift */,
			);
			path = Models;
			sourceTree = "<group>";
		};
		F963409C2E13AE4900975FED /* State */ = {
			isa = PBXGroup;
			children = (
				F963409D2E13AE5100975FED /* KeyboardState.swift */,
			);
			path = State;
			sourceTree = "<group>";
		};
		F963409F2E13AE9A00975FED /* Views */ = {
			isa = PBXGroup;
			children = (
				F96340B92E1515F700975FED /* Feature */,
				F96340AB2E1513F900975FED /* Components */,
				F96340982E13AD6F00975FED /* ContentView.swift */,
			);
			path = Views;
			sourceTree = "<group>";
		};
		F96340AB2E1513F900975FED /* Components */ = {
			isa = PBXGroup;
			children = (
				F96340B42E1514C200975FED /* ZoneHotspotView.swift */,
				F96340B22E1514B600975FED /* MarkedSlider.swift */,
				F96340B02E1514AD00975FED /* ControlSectionView.swift */,
				F96340AE2E15149E00975FED /* ControlButtonView.swift */,
				F96340AC2E15141200975FED /* HeaderView.swift */,
			);
			path = Components;
			sourceTree = "<group>";
		};
		F96340B92E1515F700975FED /* Feature */ = {
			isa = PBXGroup;
			children = (
				F96340C12E15162C00975FED /* ErrorView.swift */,
				F96340BC2E15160D00975FED /* SavePresetView.swift */,
				F96340BA2E15160300975FED /* InteractiveKeyboardView.swift */,
			);
			path = Feature;
			sourceTree = "<group>";
		};
/* End PBXGroup section */

/* Begin PBXNativeTarget section */
		F96340762E12DD4C00975FED /* RogAura */ = {
			isa = PBXNativeTarget;
			buildConfigurationList = F96340862E12DD4E00975FED /* Build configuration list for PBXNativeTarget "RogAura" */;
			buildPhases = (
				F96340732E12DD4C00975FED /* Sources */,
				F96340742E12DD4C00975FED /* Frameworks */,
				F96340752E12DD4C00975FED /* Resources */,
			);
			buildRules = (
			);
			dependencies = (
			);
			fileSystemSynchronizedGroups = (
				F96340792E12DD4C00975FED /* RogAura */,
			);
			name = RogAura;
			packageProductDependencies = (
			);
			productName = RogAura;
			productReference = F96340772E12DD4C00975FED /* RogAura.app */;
			productType = "com.apple.product-type.application";
		};
/* End PBXNativeTarget section */

/* Begin PBXProject section */
		F963406F2E12DD4C00975FED /* Project object */ = {
			isa = PBXProject;
			attributes = {
				BuildIndependentTargetsInParallel = 1;
				LastSwiftUpdateCheck = 1620;
				LastUpgradeCheck = 1620;
				TargetAttributes = {
					F96340762E12DD4C00975FED = {
						CreatedOnToolsVersion = 16.2;
					};
				};
			};
			buildConfigurationList = F96340722E12DD4C00975FED /* Build configuration list for PBXProject "RogAura" */;
			developmentRegion = en;
			hasScannedForEncodings = 0;
			knownRegions = (
				en,
				Base,
			);
			mainGroup = F963406E2E12DD4C00975FED;
			minimizedProjectReferenceProxies = 1;
			preferredProjectObjectVersion = 77;
			productRefGroup = F96340782E12DD4C00975FED /* Products */;
			projectDirPath = "";
			projectRoot = "";
			targets = (
				F96340762E12DD4C00975FED /* RogAura */,
			);
		};
/* End PBXProject section */

/* Begin PBXResourcesBuildPhase section */
		F96340752E12DD4C00975FED /* Resources */ = {
			isa = PBXResourcesBuildPhase;
			buildActionMask = 2147483647;
			files = (
			);
			runOnlyForDeploymentPostprocessing = 0;
		};
/* End PBXResourcesBuildPhase section */

/* Begin PBXSourcesBuildPhase section */
		F96340732E12DD4C00975FED /* Sources */ = {
			isa = PBXSourcesBuildPhase;
			buildActionMask = 2147483647;
			files = (
				F96340BD2E15160E00975FED /* SavePresetView.swift in Sources */,
				F96340AD2E15141400975FED /* HeaderView.swift in Sources */,
				F96340992E13AD6F00975FED /* ContentView.swift in Sources */,
				F96340BB2E15160400975FED /* InteractiveKeyboardView.swift in Sources */,
				F96340B12E1514AE00975FED /* ControlSectionView.swift in Sources */,
				F96340AF2E1514A000975FED /* ControlButtonView.swift in Sources */,
				F96340B52E1514C500975FED /* ZoneHotspotView.swift in Sources */,
				F96340C22E15162E00975FED /* ErrorView.swift in Sources */,
				F96340B32E1514B900975FED /* MarkedSlider.swift in Sources */,
				F96340A02E13AF9700975FED /* EffectPreset.swift in Sources */,
				F963409E2E13AE6100975FED /* KeyboardState.swift in Sources */,
			);
			runOnlyForDeploymentPostprocessing = 0;
		};
/* End PBXSourcesBuildPhase section */

/* Begin XCBuildConfiguration section */
		F96340842E12DD4E00975FED /* Debug */ = {
			isa = XCBuildConfiguration;
			buildSettings = {
				ALWAYS_SEARCH_USER_PATHS = NO;
				ASSETCATALOG_COMPILER_GENERATE_SWIFT_ASSET_SYMBOL_EXTENSIONS = YES;
				CLANG_ANALYZER_NONNULL = YES;
				CLANG_ANALYZER_NUMBER_OBJECT_CONVERSION = YES_AGGRESSIVE;
				CLANG_CXX_LANGUAGE_STANDARD = "gnu++20";
				CLANG_ENABLE_MODULES = YES;
				CLANG_ENABLE_OBJC_ARC = YES;
				CLANG_ENABLE_OBJC_WEAK = YES;
				CLANG_WARN_BLOCK_CAPTURE_AUTORELEASING = YES;
				CLANG_WARN_BOOL_CONVERSION = YES;
				CLANG_WARN_COMMA = YES;
				CLANG_WARN_CONSTANT_CONVERSION = YES;
				CLANG_WARN_DEPRECATED_OBJC_IMPLEMENTATIONS = YES;
				CLANG_WARN_DIRECT_OBJC_ISA_USAGE = YES_ERROR;
				CLANG_WARN_DOCUMENTATION_COMMENTS = YES;
				CLANG_WARN_EMPTY_BODY = YES;
				CLANG_WARN_ENUM_CONVERSION = YES;
				CLANG_WARN_INFINITE_RECURSION = YES;
				CLANG_WARN_INT_CONVERSION = YES;
				CLANG_WARN_NON_LITERAL_NULL_CONVERSION = YES;
				CLANG_WARN_OBJC_IMPLICIT_RETAIN_SELF = YES;
				CLANG_WARN_OBJC_LITERAL_CONVERSION = YES;
				CLANG_WARN_OBJC_ROOT_CLASS = YES_ERROR;
				CLANG_WARN_QUOTED_INCLUDE_IN_FRAMEWORK_HEADER = YES;
				CLANG_WARN_RANGE_LOOP_ANALYSIS = YES;
				CLANG_WARN_STRICT_PROTOTYPES = YES;
				CLANG_WARN_SUSPICIOUS_MOVE = YES;
				CLANG_WARN_UNGUARDED_AVAILABILITY = YES_AGGRESSIVE;
				CLANG_WARN_UNREACHABLE_CODE = YES;
				CLANG_WARN__DUPLICATE_METHOD_MATCH = YES;
				COPY_PHASE_STRIP = NO;
				DEBUG_INFORMATION_FORMAT = dwarf;
				ENABLE_HARDENED_RUNTIME = YES;
				ENABLE_STRICT_OBJC_MSGSEND = YES;
				ENABLE_TESTABILITY = YES;
				ENABLE_USER_SCRIPT_SANDBOXING = YES;
				GCC_C_LANGUAGE_STANDARD = gnu17;
				GCC_DYNAMIC_NO_PIC = NO;
				GCC_NO_COMMON_BLOCKS = YES;
				GCC_OPTIMIZATION_LEVEL = 0;
				GCC_PREPROCESSOR_DEFINITIONS = (
					"DEBUG=1",
					"$(inherited)",
				);
				GCC_WARN_64_TO_32_BIT_CONVERSION = YES;
				GCC_WARN_ABOUT_RETURN_TYPE = YES_ERROR;
				GCC_WARN_UNDECLARED_SELECTOR = YES;
				GCC_WARN_UNINITIALIZED_AUTOS = YES_AGGRESSIVE;
				GCC_WARN_UNUSED_FUNCTION = YES;
				GCC_WARN_UNUSED_VARIABLE = YES;
				LOCALIZATION_PREFERS_STRING_CATALOGS = YES;
				MACOSX_DEPLOYMENT_TARGET = 14.7;
				MTL_ENABLE_DEBUG_INFO = INCLUDE_SOURCE;
				MTL_FAST_MATH = YES;
				ONLY_ACTIVE_ARCH = YES;
				SDKROOT = macosx;
				SWIFT_ACTIVE_COMPILATION_CONDITIONS = "DEBUG $(inherited)";
				SWIFT_OPTIMIZATION_LEVEL = "-Onone";
			};
			name = Debug;
		};
		F96340852E12DD4E00975FED /* Release */ = {
			isa = XCBuildConfiguration;
			buildSettings = {
				ALWAYS_SEARCH_USER_PATHS = NO;
				ASSETCATALOG_COMPILER_GENERATE_SWIFT_ASSET_SYMBOL_EXTENSIONS = YES;
				CLANG_ANALYZER_NONNULL = YES;
				CLANG_ANALYZER_NUMBER_OBJECT_CONVERSION = YES_AGGRESSIVE;
				CLANG_CXX_LANGUAGE_STANDARD = "gnu++20";
				CLANG_ENABLE_MODULES = YES;
				CLANG_ENABLE_OBJC_ARC = YES;
				CLANG_ENABLE_OBJC_WEAK = YES;
				CLANG_WARN_BLOCK_CAPTURE_AUTORELEASING = YES;
				CLANG_WARN_BOOL_CONVERSION = YES;
				CLANG_WARN_COMMA = YES;
				CLANG_WARN_CONSTANT_CONVERSION = YES;
				CLANG_WARN_DEPRECATED_OBJC_IMPLEMENTATIONS = YES;
				CLANG_WARN_DIRECT_OBJC_ISA_USAGE = YES_ERROR;
				CLANG_WARN_DOCUMENTATION_COMMENTS = YES;
				CLANG_WARN_EMPTY_BODY = YES;
				CLANG_WARN_ENUM_CONVERSION = YES;
				CLANG_WARN_INFINITE_RECURSION = YES;
				CLANG_WARN_INT_CONVERSION = YES;
				CLANG_WARN_NON_LITERAL_NULL_CONVERSION = YES;
				CLANG_WARN_OBJC_IMPLICIT_RETAIN_SELF = YES;
				CLANG_WARN_OBJC_LITERAL_CONVERSION = YES;
				CLANG_WARN_OBJC_ROOT_CLASS = YES_ERROR;
				CLANG_WARN_QUOTED_INCLUDE_IN_FRAMEWORK_HEADER = YES;
				CLANG_WARN_RANGE_LOOP_ANALYSIS = YES;
				CLANG_WARN_STRICT_PROTOTYPES = YES;
				CLANG_WARN_SUSPICIOUS_MOVE = YES;
				CLANG_WARN_UNGUARDED_AVAILABILITY = YES_AGGRESSIVE;
				CLANG_WARN_UNREACHABLE_CODE = YES;
				CLANG_WARN__DUPLICATE_METHOD_MATCH = YES;
				COPY_PHASE_STRIP = NO;
				DEBUG_INFORMATION_FORMAT = "dwarf-with-dsym";
				ENABLE_HARDENED_RUNTIME = YES;
				ENABLE_NS_ASSERTIONS = NO;
				ENABLE_STRICT_OBJC_MSGSEND = YES;
				ENABLE_USER_SCRIPT_SANDBOXING = YES;
				GCC_C_LANGUAGE_STANDARD = gnu17;
				GCC_NO_COMMON_BLOCKS = YES;
				GCC_WARN_64_TO_32_BIT_CONVERSION = YES;
				GCC_WARN_ABOUT_RETURN_TYPE = YES_ERROR;
				GCC_WARN_UNDECLARED_SELECTOR = YES;
				GCC_WARN_UNINITIALIZED_AUTOS = YES_AGGRESSIVE;
				GCC_WARN_UNUSED_FUNCTION = YES;
				GCC_WARN_UNUSED_VARIABLE = YES;
				LOCALIZATION_PREFERS_STRING_CATALOGS = YES;
				MACOSX_DEPLOYMENT_TARGET = 14.7;
				MTL_ENABLE_DEBUG_INFO = NO;
				MTL_FAST_MATH = YES;
				SDKROOT = macosx;
				SWIFT_COMPILATION_MODE = wholemodule;
			};
			name = Release;
		};
		F96340872E12DD4E00975FED /* Debug */ = {
			isa = XCBuildConfiguration;
			buildSettings = {
				ASSETCATALOG_COMPILER_APPICON_NAME = AppIcon;
				ASSETCATALOG_COMPILER_GLOBAL_ACCENT_COLOR_NAME = AccentColor;
				CODE_SIGN_ENTITLEMENTS = RogAura/RogAura.entitlements;
				"CODE_SIGN_IDENTITY[sdk=macosx*]" = "-";
				CODE_SIGN_STYLE = Automatic;
				COMBINE_HIDPI_IMAGES = YES;
				CURRENT_PROJECT_VERSION = 1;
				DEVELOPMENT_ASSET_PATHS = "\"RogAura/Preview Content\"";
				DEVELOPMENT_TEAM = DR8X86LDJH;
				ENABLE_PREVIEWS = YES;
				GENERATE_INFOPLIST_FILE = YES;
				INFOPLIST_KEY_LSUIElement = YES;
				INFOPLIST_KEY_NSHumanReadableCopyright = "";
				LD_RUNPATH_SEARCH_PATHS = (
					"$(inherited)",
					"@executable_path/../Frameworks",
				);
				MACOSX_DEPLOYMENT_TARGET = 13.5;
				MARKETING_VERSION = 1.0;
				PRODUCT_BUNDLE_IDENTIFIER = com.nnrohu.RogAura;
				PRODUCT_NAME = "$(TARGET_NAME)";
				SWIFT_EMIT_LOC_STRINGS = YES;
				SWIFT_VERSION = 5.0;
			};
			name = Debug;
		};
		F96340882E12DD4E00975FED /* Release */ = {
			isa = XCBuildConfiguration;
			buildSettings = {
				ASSETCATALOG_COMPILER_APPICON_NAME = AppIcon;
				ASSETCATALOG_COMPILER_GLOBAL_ACCENT_COLOR_NAME = AccentColor;
				CODE_SIGN_ENTITLEMENTS = RogAura/RogAura.entitlements;
				"CODE_SIGN_IDENTITY[sdk=macosx*]" = "-";
				CODE_SIGN_STYLE = Automatic;
				COMBINE_HIDPI_IMAGES = YES;
				CURRENT_PROJECT_VERSION = 1;
				DEVELOPMENT_ASSET_PATHS = "\"RogAura/Preview Content\"";
				DEVELOPMENT_TEAM = DR8X86LDJH;
				ENABLE_PREVIEWS = YES;
				GENERATE_INFOPLIST_FILE = YES;
				INFOPLIST_KEY_LSUIElement = YES;
				INFOPLIST_KEY_NSHumanReadableCopyright = "";
				LD_RUNPATH_SEARCH_PATHS = (
					"$(inherited)",
					"@executable_path/../Frameworks",
				);
				MACOSX_DEPLOYMENT_TARGET = 13.5;
				MARKETING_VERSION = 1.0;
				PRODUCT_BUNDLE_IDENTIFIER = com.nnrohu.RogAura;
				PRODUCT_NAME = "$(TARGET_NAME)";
				SWIFT_EMIT_LOC_STRINGS = YES;
				SWIFT_VERSION = 5.0;
			};
			name = Release;
		};
/* End XCBuildConfiguration section */

/* Begin XCConfigurationList section */
		F96340722E12DD4C00975FED /* Build configuration list for PBXProject "RogAura" */ = {
			isa = XCConfigurationList;
			buildConfigurations = (
				F96340842E12DD4E00975FED /* Debug */,
				F96340852E12DD4E00975FED /* Release */,
			);
			defaultConfigurationIsVisible = 0;
			defaultConfigurationName = Release;
		};
		F96340862E12DD4E00975FED /* Build configuration list for PBXNativeTarget "RogAura" */ = {
			isa = XCConfigurationList;
			buildConfigurations = (
				F96340872E12DD4E00975FED /* Debug */,
				F96340882E12DD4E00975FED /* Release */,
			);
			defaultConfigurationIsVisible = 0;
			defaultConfigurationName = Release;
		};
/* End XCConfigurationList section */
	};
	rootObject = F963406F2E12DD4C00975FED /* Project object */;
}
